
Microsoft Visual Studio Solution File, Format Version 12.00
# Visual Studio Version 17
VisualStudioVersion = 17.1.32228.430
MinimumVisualStudioVersion = 10.0.40219.1
Project("{FAE04EC0-301F-11D3-BF4B-00C04F79EFBC}") = "RFP_131_BASIC_PROGRAMS", "RFP_131_BASIC_PROGRAMS\RFP_131_BASIC_PROGRAMS.csproj", "{37E4CA49-0A6A-47A8-A511-B43BFFE7C50D}"
EndProject
Global
	GlobalSection(SolutionConfigurationPlatforms) = preSolution
		Debug|Any CPU = Debug|Any CPU
		Release|Any CPU = Release|Any CPU
	EndGlobalSection
	GlobalSection(ProjectConfigurationPlatforms) = postSolution
		{37E4CA49-0A6A-47A8-A511-B43BFFE7C50D}.Debug|Any CPU.ActiveCfg = Debug|Any CPU
		{37E4CA49-0A6A-47A8-A511-B43BFFE7C50D}.Debug|Any CPU.Build.0 = Debug|Any CPU
		{37E4CA49-0A6A-47A8-A511-B43BFFE7C50D}.Release|Any CPU.ActiveCfg = Release|Any CPU
		{37E4CA49-0A6A-47A8-A511-B43BFFE7C50D}.Release|Any CPU.Build.0 = Release|Any CPU
	EndGlobalSection
	GlobalSection(SolutionProperties) = preSolution
		HideSolutionNode = FALSE
	EndGlobalSection
	GlobalSection(ExtensibilityGlobals) = postSolution
		SolutionGuid = {09BB69E8-E393-43CA-B74E-86DDF299442A}
	EndGlobalSection
EndGlobal
